
Microsoft Visual Studio Solution File, Format Version 12.00
# Visual Studio Version 17
VisualStudioVersion = 17.1.32319.34
MinimumVisualStudioVersion = 10.0.40219.1
Project("{9A19103F-16F7-4668-BE54-9A1E7A4F7556}") = "DAL", "DAL\DAL.csproj", "{205052B9-7298-4C12-BEB9-4C440CCD4BC7}"
EndProject
Project("{9A19103F-16F7-4668-BE54-9A1E7A4F7556}") = "BLL", "BLL\BLL.csproj", "{E8404C2B-982B-4099-A4FC-026D0F90287C}"
EndProject
Project("{9A19103F-16F7-4668-BE54-9A1E7A4F7556}") = "WebApi", "WebApi\WebApi.csproj", "{FEB89158-63FA-4DFF-A151-6B9BCE4B316F}"
EndProject
Project("{9A19103F-16F7-4668-BE54-9A1E7A4F7556}") = "Tests", "Tests\Tests.csproj", "{57BA1621-C23E-4FAA-8258-1E115F37EF23}"
EndProject
Project("{9A19103F-16F7-4668-BE54-9A1E7A4F7556}") = "PLVar7", "PLVar7\PLVar7\PLVar7.csproj", "{EBDC2F61-2575-4256-939E-669AAD8B56A9}"
EndProject
Global
	GlobalSection(SolutionConfigurationPlatforms) = preSolution
		Debug|Any CPU = Debug|Any CPU
		Release|Any CPU = Release|Any CPU
	EndGlobalSection
	GlobalSection(ProjectConfigurationPlatforms) = postSolution
		{205052B9-7298-4C12-BEB9-4C440CCD4BC7}.Debug|Any CPU.ActiveCfg = Debug|Any CPU
		{205052B9-7298-4C12-BEB9-4C440CCD4BC7}.Debug|Any CPU.Build.0 = Debug|Any CPU
		{205052B9-7298-4C12-BEB9-4C440CCD4BC7}.Release|Any CPU.ActiveCfg = Release|Any CPU
		{205052B9-7298-4C12-BEB9-4C440CCD4BC7}.Release|Any CPU.Build.0 = Release|Any CPU
		{E8404C2B-982B-4099-A4FC-026D0F90287C}.Debug|Any CPU.ActiveCfg = Debug|Any CPU
		{E8404C2B-982B-4099-A4FC-026D0F90287C}.Debug|Any CPU.Build.0 = Debug|Any CPU
		{E8404C2B-982B-4099-A4FC-026D0F90287C}.Release|Any CPU.ActiveCfg = Release|Any CPU
		{E8404C2B-982B-4099-A4FC-026D0F90287C}.Release|Any CPU.Build.0 = Release|Any CPU
		{FEB89158-63FA-4DFF-A151-6B9BCE4B316F}.Debug|Any CPU.ActiveCfg = Debug|Any CPU
		{FEB89158-63FA-4DFF-A151-6B9BCE4B316F}.Debug|Any CPU.Build.0 = Debug|Any CPU
		{FEB89158-63FA-4DFF-A151-6B9BCE4B316F}.Release|Any CPU.ActiveCfg = Release|Any CPU
		{FEB89158-63FA-4DFF-A151-6B9BCE4B316F}.Release|Any CPU.Build.0 = Release|Any CPU
		{57BA1621-C23E-4FAA-8258-1E115F37EF23}.Debug|Any CPU.ActiveCfg = Debug|Any CPU
		{57BA1621-C23E-4FAA-8258-1E115F37EF23}.Debug|Any CPU.Build.0 = Debug|Any CPU
		{57BA1621-C23E-4FAA-8258-1E115F37EF23}.Release|Any CPU.ActiveCfg = Release|Any CPU
		{57BA1621-C23E-4FAA-8258-1E115F37EF23}.Release|Any CPU.Build.0 = Release|Any CPU
		{EBDC2F61-2575-4256-939E-669AAD8B56A9}.Debug|Any CPU.ActiveCfg = Debug|Any CPU
		{EBDC2F61-2575-4256-939E-669AAD8B56A9}.Debug|Any CPU.Build.0 = Debug|Any CPU
		{EBDC2F61-2575-4256-939E-669AAD8B56A9}.Release|Any CPU.ActiveCfg = Release|Any CPU
		{EBDC2F61-2575-4256-939E-669AAD8B56A9}.Release|Any CPU.Build.0 = Release|Any CPU
	EndGlobalSection
	GlobalSection(SolutionProperties) = preSolution
		HideSolutionNode = FALSE
	EndGlobalSection
	GlobalSection(ExtensibilityGlobals) = postSolution
		SolutionGuid = {CC8F9C0B-932F-4847-A8DD-5C371FDE83BB}
	EndGlobalSection
EndGlobal
